
Microsoft Visual Studio Solution File, Format Version 12.00
# Visual Studio 2013
VisualStudioVersion = 12.0.40629.0
MinimumVisualStudioVersion = 10.0.40219.1
Project("{FAE04EC0-301F-11D3-BF4B-00C04F79EFBC}") = "Renamer", "Renamer\Renamer.csproj", "{1C4C8D21-D5C2-4011-8B6C-E78AE29C8308}"
EndProject
Project("{FAE04EC0-301F-11D3-BF4B-00C04F79EFBC}") = "RenamerLogic", "RenamerLogic\RenamerLogic.csproj", "{896CB16F-674C-45E1-AB2D-CACE85020960}"
EndProject
Global
	GlobalSection(SolutionConfigurationPlatforms) = preSolution
		Debug|Any CPU = Debug|Any CPU
		Release|Any CPU = Release|Any CPU
	EndGlobalSection
	GlobalSection(ProjectConfigurationPlatforms) = postSolution
		{1C4C8D21-D5C2-4011-8B6C-E78AE29C8308}.Debug|Any CPU.ActiveCfg = Debug|Any CPU
		{1C4C8D21-D5C2-4011-8B6C-E78AE29C8308}.Debug|Any CPU.Build.0 = Debug|Any CPU
		{1C4C8D21-D5C2-4011-8B6C-E78AE29C8308}.Release|Any CPU.ActiveCfg = Release|Any CPU
		{1C4C8D21-D5C2-4011-8B6C-E78AE29C8308}.Release|Any CPU.Build.0 = Release|Any CPU
		{896CB16F-674C-45E1-AB2D-CACE85020960}.Debug|Any CPU.ActiveCfg = Debug|Any CPU
		{896CB16F-674C-45E1-AB2D-CACE85020960}.Debug|Any CPU.Build.0 = Debug|Any CPU
		{896CB16F-674C-45E1-AB2D-CACE85020960}.Release|Any CPU.ActiveCfg = Release|Any CPU
		{896CB16F-674C-45E1-AB2D-CACE85020960}.Release|Any CPU.Build.0 = Release|Any CPU
	EndGlobalSection
	GlobalSection(SolutionProperties) = preSolution
		HideSolutionNode = FALSE
	EndGlobalSection
EndGlobal
